
Microsoft Visual Studio Solution File, Format Version 12.00
# Visual Studio Version 17
VisualStudioVersion = 17.4.33205.214
MinimumVisualStudioVersion = 10.0.40219.1
Project("{FAE04EC0-301F-11D3-BF4B-00C04F79EFBC}") = "gitApp", "gitApp\gitApp.csproj", "{77EC9276-97C6-4B87-9D7A-C76C87349374}"
EndProject
Global
	GlobalSection(SolutionConfigurationPlatforms) = preSolution
		Debug|Any CPU = Debug|Any CPU
		Release|Any CPU = Release|Any CPU
	EndGlobalSection
	GlobalSection(ProjectConfigurationPlatforms) = postSolution
		{77EC9276-97C6-4B87-9D7A-C76C87349374}.Debug|Any CPU.ActiveCfg = Debug|Any CPU
		{77EC9276-97C6-4B87-9D7A-C76C87349374}.Debug|Any CPU.Build.0 = Debug|Any CPU
		{77EC9276-97C6-4B87-9D7A-C76C87349374}.Release|Any CPU.ActiveCfg = Release|Any CPU
		{77EC9276-97C6-4B87-9D7A-C76C87349374}.Release|Any CPU.Build.0 = Release|Any CPU
	EndGlobalSection
	GlobalSection(SolutionProperties) = preSolution
		HideSolutionNode = FALSE
	EndGlobalSection
	GlobalSection(ExtensibilityGlobals) = postSolution
		SolutionGuid = {4EF3237C-CF2D-412C-BA3D-9CD133909F78}
	EndGlobalSection
EndGlobal
